PODS:
  - ChameleonFramework/Default (2.1.0)
  - ChameleonFramework/Swift (2.1.0):
    - ChameleonFramework/Default
  - CSV.swift (2.3.1)
  - Macaw (0.9.4):
    - SWXMLHash
  - ProgressHUD (2.60)
  - SWXMLHash (4.7.6)

DEPENDENCIES:
  - ChameleonFramework/Swift (from `https://github.com/ViccAlexander/Chameleon.git`)
  - CSV.swift
  - Macaw
  - ProgressHUD

SPEC REPOS:
  https://github.com/cocoapods/specs.git:
    - CSV.swift
    - Macaw
    - ProgressHUD
    - SWXMLHash

EXTERNAL SOURCES:
  ChameleonFramework:
    :git: https://github.com/ViccAlexander/Chameleon.git

CHECKOUT OPTIONS:
  ChameleonFramework:
    :commit: 6dd284bde21ea2e7f9fd89bc36f40df16e16369d
    :git: https://github.com/ViccAlexander/Chameleon.git

SPEC CHECKSUMS:
  ChameleonFramework: d21a3cc247abfe5e37609a283a8238b03575cf64
  CSV.swift: d16f671b3090a2c0525d5f2165b18319074aae2b
  Macaw: f3c3051fb580484c221159f4cf340736bb2b166f
  ProgressHUD: 4e4efbaf4f5de8bd32e0c4c3b6644a90ea1a8c3e
  SWXMLHash: f6e0933ce74f2626669dc544851bc9fc1941670d

PODFILE CHECKSUM: bede9c774103d20c2f3f18b0028301996913987a

COCOAPODS: 1.5.3
